
Microsoft Visual Studio Solution File, Format Version 12.00
# Visual Studio Version 17
VisualStudioVersion = 17.5.33627.172
MinimumVisualStudioVersion = 10.0.40219.1
Project("{FAE04EC0-301F-11D3-BF4B-00C04F79EFBC}") = "RazorPagesMovie", "RazorPagesMovie\RazorPagesMovie.csproj", "{BA418CAC-1C9C-4DAE-A4A1-2E44B9618F5F}"
EndProject
Global
	GlobalSection(SolutionConfigurationPlatforms) = preSolution
		Debug|Any CPU = Debug|Any CPU
		Release|Any CPU = Release|Any CPU
	EndGlobalSection
	GlobalSection(ProjectConfigurationPlatforms) = postSolution
		{BA418CAC-1C9C-4DAE-A4A1-2E44B9618F5F}.Debug|Any CPU.ActiveCfg = Debug|Any CPU
		{BA418CAC-1C9C-4DAE-A4A1-2E44B9618F5F}.Debug|Any CPU.Build.0 = Debug|Any CPU
		{BA418CAC-1C9C-4DAE-A4A1-2E44B9618F5F}.Release|Any CPU.ActiveCfg = Release|Any CPU
		{BA418CAC-1C9C-4DAE-A4A1-2E44B9618F5F}.Release|Any CPU.Build.0 = Release|Any CPU
	EndGlobalSection
	GlobalSection(SolutionProperties) = preSolution
		HideSolutionNode = FALSE
	EndGlobalSection
	GlobalSection(ExtensibilityGlobals) = postSolution
		SolutionGuid = {FBE7DDA5-C992-47BC-9E23-87927AB49B46}
	EndGlobalSection
EndGlobal
